
Microsoft Visual Studio Solution File, Format Version 12.00
# Visual Studio Version 17
VisualStudioVersion = 17.1.32414.318
MinimumVisualStudioVersion = 10.0.40219.1
Project("{FAE04EC0-301F-11D3-BF4B-00C04F79EFBC}") = "SAP Task List Maker", "SAP Task List Maker\SAP Task List Maker.csproj", "{B843236D-A59F-4FB2-8650-0122F3B38A67}"
EndProject
Global
	GlobalSection(SolutionConfigurationPlatforms) = preSolution
		Debug|Any CPU = Debug|Any CPU
		Release|Any CPU = Release|Any CPU
	EndGlobalSection
	GlobalSection(ProjectConfigurationPlatforms) = postSolution
		{B843236D-A59F-4FB2-8650-0122F3B38A67}.Debug|Any CPU.ActiveCfg = Debug|Any CPU
		{B843236D-A59F-4FB2-8650-0122F3B38A67}.Debug|Any CPU.Build.0 = Debug|Any CPU
		{B843236D-A59F-4FB2-8650-0122F3B38A67}.Release|Any CPU.ActiveCfg = Release|Any CPU
		{B843236D-A59F-4FB2-8650-0122F3B38A67}.Release|Any CPU.Build.0 = Release|Any CPU
	EndGlobalSection
	GlobalSection(SolutionProperties) = preSolution
		HideSolutionNode = FALSE
	EndGlobalSection
	GlobalSection(ExtensibilityGlobals) = postSolution
		SolutionGuid = {F4EDB747-8900-4C47-BFE8-7FC2CF3459E5}
	EndGlobalSection
EndGlobal
